
Microsoft Visual Studio Solution File, Format Version 12.00
# Visual Studio Version 17
VisualStudioVersion = 17.0.32014.148
MinimumVisualStudioVersion = 10.0.40219.1
Project("{FAE04EC0-301F-11D3-BF4B-00C04F79EFBC}") = "BasicConsole", "BasicConsole\BasicConsole.csproj", "{D27708F2-7FE7-48EA-9E19-8900078BDB34}"
EndProject
Global
	GlobalSection(SolutionConfigurationPlatforms) = preSolution
		Debug|Any CPU = Debug|Any CPU
		Release|Any CPU = Release|Any CPU
	EndGlobalSection
	GlobalSection(ProjectConfigurationPlatforms) = postSolution
		{D27708F2-7FE7-48EA-9E19-8900078BDB34}.Debug|Any CPU.ActiveCfg = Debug|Any CPU
		{D27708F2-7FE7-48EA-9E19-8900078BDB34}.Debug|Any CPU.Build.0 = Debug|Any CPU
		{D27708F2-7FE7-48EA-9E19-8900078BDB34}.Release|Any CPU.ActiveCfg = Release|Any CPU
		{D27708F2-7FE7-48EA-9E19-8900078BDB34}.Release|Any CPU.Build.0 = Release|Any CPU
	EndGlobalSection
	GlobalSection(SolutionProperties) = preSolution
		HideSolutionNode = FALSE
	EndGlobalSection
	GlobalSection(ExtensibilityGlobals) = postSolution
		SolutionGuid = {6335C0B8-97E3-4D1F-B4DE-AF5D0769DCE4}
	EndGlobalSection
EndGlobal
